lockfileVersion: '9.0'

settings:
  autoInstallPeers: true
  excludeLinksFromLockfile: false

importers:

  .:
    devDependencies:
      '@eslint/js':
        specifier: latest
        version: 10.0.1(eslint@10.7.0(jiti@2.7.0))
      '@playwright/test':
        specifier: latest
        version: 1.61.1
      '@types/node':
        specifier: latest
        version: 26.1.1
      eslint:
        specifier: latest
        version: 10.7.0(jiti@2.7.0)
      eslint-config-prettier:
        specifier: latest
        version: 10.1.8(eslint@10.7.0(jiti@2.7.0))
      prettier:
        specifier: latest
        version: 3.9.5
      turbo:
        specifier: latest
        version: 2.10.4
      typescript:
        specifier: 6.0.2
        version: 6.0.2
      typescript-eslint:
        specifier: latest
        version: 8.63.0(eslint@10.7.0(jiti@2.7.0))(typescript@6.0.2)
      vitest:
        specifier: latest
        version: 4.1.10(@types/node@26.1.1)(jsdom@29.1.1)(vite@8.1.4(@types/node@26.1.1)(esbuild@0.28.1)(jiti@2.7.0)(tsx@4.23.0))

  apps/api:
    dependencies:
      '@nestjs/common':
        specifier: latest
        version: 11.1.28(class-transformer@0.5.1)(class-validator@0.15.1)(reflect-metadata@0.2.2)(rxjs@7.8.2)
      '@nestjs/core':
        specifier: latest
        version: 11.1.28(@nestjs/common@11.1.28(class-transformer@0.5.1)(class-validator@0.15.1)(reflect-metadata@0.2.2)(rxjs@7.8.2))(reflect-metadata@0.2.2)(rxjs@7.8.2)
      '@nestjs/platform-fastify':
        specifier: latest
        version: 11.1.28(@nestjs/common@11.1.28(class-transformer@0.5.1)(class-validator@0.15.1)(reflect-metadata@0.2.2)(rxjs@7.8.2))(@nestjs/core@11.1.28(@nestjs/common@11.1.28(class-transformer@0.5.1)(class-validator@0.15.1)(reflect-metadata@0.2.2)(rxjs@7.8.2))(reflect-metadata@0.2.2)(rxjs@7.8.2))
      '@nestjs/swagger':
        specifier: latest
        version: 11.4.5(@nestjs/common@11.1.28(class-transformer@0.5.1)(class-validator@0.15.1)(reflect-metadata@0.2.2)(rxjs@7.8.2))(@nestjs/core@11.1.28(@nestjs/common@11.1.28(class-transformer@0.5.1)(class-validator@0.15.1)(reflect-metadata@0.2.2)(rxjs@7.8.2))(reflect-metadata@0.2.2)(rxjs@7.8.2))(class-transformer@0.5.1)(class-validator@0.15.1)(reflect-metadata@0.2.2)
      '@novavend/config':
        specifier: workspace:*
        version: link:../../packages/config
      '@novavend/contracts':
        specifier: workspace:*
        version: link:../../packages/contracts
      '@novavend/database':
        specifier: workspace:*
        version: link:../../packages/database
      '@novavend/secondlife-protocol':
        specifier: workspace:*
        version: link:../../packages/secondlife-protocol
      class-transformer:
        specifier: latest
        version: 0.5.1
      class-validator:
        specifier: latest
        version: 0.15.1
      fastify:
        specifier: latest
        version: 5.10.0
      ioredis:
        specifier: latest
        version: 5.11.1
      nestjs-pino:
        specifier: latest
        version: 4.6.1(@nestjs/common@11.1.28(class-transformer@0.5.1)(class-validator@0.15.1)(reflect-metadata@0.2.2)(rxjs@7.8.2))(pino-http@11.0.0)(pino@10.3.1)(rxjs@7.8.2)
      pino:
        specifier: latest
        version: 10.3.1
      reflect-metadata:
        specifier: latest
        version: 0.2.2
      rxjs:
        specifier: latest
        version: 7.8.2
      zod:
        specifier: latest
        version: 4.4.3
    devDependencies:
      '@nestjs/testing':
        specifier: latest
        version: 11.1.28(@nestjs/common@11.1.28(class-transformer@0.5.1)(class-validator@0.15.1)(reflect-metadata@0.2.2)(rxjs@7.8.2))(@nestjs/core@11.1.28(@nestjs/common@11.1.28(class-transformer@0.5.1)(class-validator@0.15.1)(reflect-metadata@0.2.2)(rxjs@7.8.2))(reflect-metadata@0.2.2)(rxjs@7.8.2))
      tsx:
        specifier: latest
        version: 4.23.0

  apps/web:
    dependencies:
      '@novavend/config':
        specifier: workspace:*
        version: link:../../packages/config
      '@novavend/ui':
        specifier: workspace:*
        version: link:../../packages/ui
      next:
        specifier: latest
        version: 16.2.10(@playwright/test@1.61.1)(react-dom@19.2.7(react@19.2.7))(react@19.2.7)
      react:
        specifier: latest
        version: 19.2.7
      react-dom:
        specifier: latest
        version: 19.2.7(react@19.2.7)
      zod:
        specifier: latest
        version: 4.4.3
    devDependencies:
      '@tailwindcss/postcss':
        specifier: latest
        version: 4.3.2
      '@testing-library/react':
        specifier: latest
        version: 16.3.2(@testing-library/dom@10.4.1)(@types/react-dom@19.2.3(@types/react@19.2.17))(@types/react@19.2.17)(react-dom@19.2.7(react@19.2.7))(react@19.2.7)
      '@types/react':
        specifier: latest
        version: 19.2.17
      '@types/react-dom':
        specifier: latest
        version: 19.2.3(@types/react@19.2.17)
      '@vitejs/plugin-react':
        specifier: latest
        version: 6.0.3(vite@8.1.4(@types/node@26.1.1)(esbuild@0.28.1)(jiti@2.7.0)(tsx@4.23.0))
      jsdom:
        specifier: latest
        version: 29.1.1
      tailwindcss:
        specifier: latest
        version: 4.3.2

  apps/worker:
    dependencies:
      '@novavend/config':
        specifier: workspace:*
        version: link:../../packages/config
      bullmq:
        specifier: latest
        version: 5.80.2
      pino:
        specifier: latest
        version: 10.3.1
    devDependencies:
      tsx:
        specifier: latest
        version: 4.23.0

  packages/config:
    dependencies:
      zod:
        specifier: latest
        version: 4.4.3

  packages/contracts:
    dependencies:
      zod:
        specifier: latest
        version: 4.4.3

  packages/database:
    dependencies:
      drizzle-orm:
        specifier: latest
        version: 0.45.2(postgres@3.4.9)
      postgres:
        specifier: latest
        version: 3.4.9
    devDependencies:
      drizzle-kit:
        specifier: latest
        version: 0.31.10

  packages/secondlife-protocol:
    dependencies:
      zod:
        specifier: latest
        version: 4.4.3

  packages/ui:
    devDependencies:
      '@testing-library/react':
        specifier: latest
        version: 16.3.2(@testing-library/dom@10.4.1)(@types/react-dom@19.2.3(@types/react@19.2.17))(@types/react@19.2.17)(react-dom@19.2.7(react@19.2.7))(react@19.2.7)
      '@types/react':
        specifier: latest
        version: 19.2.17
      jsdom:
        specifier: latest
        version: 29.1.1
      react:
        specifier: latest
        version: 19.2.7

packages:

  '@alloc/quick-lru@5.2.0':
    resolution: {integrity: sha512-UrcABB+4bUrFABwbluTIBErXwvbsU/V7TZWfmbgJfbkwiBuziS9gxdODUyuiecfdGQ85jglMW6juS3+z5TsKLw==}
    engines: {node: '>=10'}

  '@asamuzakjp/css-color@5.1.11':
    resolution: {integrity: sha512-KVw6qIiCTUQhByfTd78h2yD1/00waTmm9uy/R7Ck/ctUyAPj+AEDLkQIdJW0T8+qGgj3j5bpNKK7Q3G+LedJWg==}
    engines: {node: ^20.19.0 || ^22.12.0 || >=24.0.0}

  '@asamuzakjp/dom-selector@7.1.1':
    resolution: {integrity: sha512-67RZDnYRc8H/8MLDgQCDE//zoqVFwajkepHZgmXrbwybzXOEwOWGPYGmALYl9J2DOLfFPPs6kKCqmbzV895hTQ==}
    engines: {node: ^20.19.0 || ^22.12.0 || >=24.0.0}

  '@asamuzakjp/generational-cache@1.0.1':
    resolution: {integrity: sha512-wajfB8KqzMCN2KGNFdLkReeHncd0AslUSrvHVvvYWuU8ghncRJoA50kT3zP9MVL0+9g4/67H+cdvBskj9THPzg==}
    engines: {node: ^20.19.0 || ^22.12.0 || >=24.0.0}

  '@asamuzakjp/nwsapi@2.3.9':
    resolution: {integrity: sha512-n8GuYSrI9bF7FFZ/SjhwevlHc8xaVlb/7HmHelnc/PZXBD2ZR49NnN9sMMuDdEGPeeRQ5d0hqlSlEpgCX3Wl0Q==}

  '@babel/code-frame@7.29.7':
    resolution: {integrity: sha512-Aup7aUOfpbAUg2ROOJN6Iw5f9DMBlzu0mIkm/malLQFN/YQgO48wCj0Kxa3sEHJvPVFg7siR+qRInwXd2qhQKw==}
    engines: {node: '>=6.9.0'}

  '@babel/helper-validator-identifier@7.29.7':
    resolution: {integrity: sha512-qehxGkRj55h/ff8EMaJ+cYhyaKlHIxqYDn682wQD7RNp9UujOQsHog2uS0r2vzr4pW+sXf90NeeayjcNaX3fFg==}
    engines: {node: '>=6.9.0'}

  '@babel/runtime@7.29.7':
    resolution: {integrity: sha512-Nq8OhGWiZIZGV6hLHoyAKLLcJihP/xFeBMGJoUrxTX2psI8dCifzLhZISFb+VWS3wFMRDmCGw5R+dOySCqPLhw==}
    engines: {node: '>=6.9.0'}

  '@borewit/text-codec@0.2.2':
    resolution: {integrity: sha512-DDaRehssg1aNrH4+2hnj1B7vnUGEjU6OIlyRdkMd0aUdIUvKXrJfXsy8LVtXAy7DRvYVluWbMspsRhz2lcW0mQ==}

  '@bramus/specificity@2.4.2':
    resolution: {integrity: sha512-ctxtJ/eA+t+6q2++vj5j7FYX3nRu311q1wfYH3xjlLOsczhlhxAg2FWNUXhpGvAw3BWo1xBcvOV6/YLc2r5FJw==}
    hasBin: true

  '@csstools/color-helpers@6.1.0':
    resolution: {integrity: sha512-064IFJdjTfUqnjpCVpMOdbr8FLQBhinbZj6yRv2An2E41O/pLEXqfFRWqGq/SxlE5PEUYTlvWsG2r8MswAVvkg==}
    engines: {node: '>=20.19.0'}

  '@csstools/css-calc@3.2.1':
    resolution: {integrity: sha512-DtdHlgXh5ZkA43cwBcAm+huzgJiwx3ZTWVjBs94kwz2xKqSimDA3lBgCjphYgwgVUMWatSM0pDd8TILB1yrVVg==}
    engines: {node: '>=20.19.0'}
    peerDependencies:
      '@csstools/css-parser-algorithms': ^4.0.0
      '@csstools/css-tokenizer': ^4.0.0

  '@csstools/css-color-parser@4.1.9':
    resolution: {integrity: sha512-paQcIaOO53Rk5+YrBaBjm/SgrV4INImjo2BT1DtQRYr+XeTRbeAYlS+jxXp9drqvKmtFnWRJKIalDLhZZDu42A==}
    engines: {node: '>=20.19.0'}
    peerDependencies:
      '@csstools/css-parser-algorithms': ^4.0.0
      '@csstools/css-tokenizer': ^4.0.0

  '@csstools/css-parser-algorithms@4.0.0':
    resolution: {integrity: sha512-+B87qS7fIG3L5h3qwJ/IFbjoVoOe/bpOdh9hAjXbvx0o8ImEmUsGXN0inFOnk2ChCFgqkkGFQ+TpM5rbhkKe4w==}
    engines: {node: '>=20.19.0'}
    peerDependencies:
      '@csstools/css-tokenizer': ^4.0.0

  '@csstools/css-syntax-patches-for-csstree@1.1.6':
    resolution: {integrity: sha512-TcJCWFbXLPpJYq6z7bfOyjWYJDiDg2/I4gyUC9pqPNqHFRIey0EB0q0L5cSnQDfWJg8Jd6VadakxdIez/3zkqQ==}
    peerDependencies:
      css-tree: ^3.2.1
    peerDependenciesMeta:
      css-tree:
        optional: true

  '@csstools/css-tokenizer@4.0.0':
    resolution: {integrity: sha512-QxULHAm7cNu72w97JUNCBFODFaXpbDg+dP8b/oWFAZ2MTRppA3U00Y2L1HqaS4J6yBqxwa/Y3nMBaxVKbB/NsA==}
    engines: {node: '>=20.19.0'}

  '@drizzle-team/brocli@0.10.2':
    resolution: {integrity: sha512-z33Il7l5dKjUgGULTqBsQBQwckHh5AbIuxhdsIxDDiZAzBOrZO6q9ogcWC65kU382AfynTfgNumVcNIjuIua6w==}

  '@emnapi/core@1.11.1':
    resolution: {integrity: sha512-RSvbQmHzdKzNsLYa/wHrbc3KN4sYLKAdPZxqiM2HATqv/SBk2/ENSHpvXGaLOMcsAyz0poEGqkmmKYG3OWiJEQ==}

  '@emnapi/runtime@1.11.1':
    resolution: {integrity: sha512-vgj7R3y3Wgx24IQaGPA/R6YFXLHVMOZ0uVEyIQPaWs+rd1AzfEMXlAC22FYwO1XkKR6NPsq7mUandH8oIRdZFw==}

  '@emnapi/runtime@1.11.2':
    resolution: {integrity: sha512-kyOl3X0DuTiT1h2ft8r2fYO8JYtU9a9Xis/zBSiGArNaagCOWx90N1k2wxp18czFDH+OgcWGb5ZP/XMt3dcyPA==}

  '@emnapi/wasi-threads@1.2.2':
    resolution: {integrity: sha512-c95qOXkHdydNKhscBTebqEC1CVAZpyqOfVfBzQ1qgzyl3gfeldUjIggDbIZgDKsHLgnsM+igH7TJ/eAasaVuMA==}

  '@esbuild-kit/core-utils@3.3.2':
    resolution: {integrity: sha512-sPRAnw9CdSsRmEtnsl2WXWdyquogVpB3yZ3dgwJfe8zrOzTsV7cJvmwrKVa+0ma5BoiGJ+BoqkMvawbayKUsqQ==}
    deprecated: 'Merged into tsx: https://tsx.hirok.io'

  '@esbuild-kit/esm-loader@2.6.5':
    resolution: {integrity: sha512-FxEMIkJKnodyA1OaCUoEvbYRkoZlLZ4d/eXFu9Fh8CbBBgP5EmZxrfTRyN0qpXZ4vOvqnE5YdRdcrmUUXuU+dA==}
    deprecated: 'Merged into tsx: https://tsx.hirok.io'

  '@esbuild/aix-ppc64@0.25.12':
    resolution: {integrity: sha512-Hhmwd6CInZ3dwpuGTF8fJG6yoWmsToE+vYgD4nytZVxcu1ulHpUQRAB1UJ8+N1Am3Mz4+xOByoQoSZf4D+CpkA==}
    engines: {node: '>=18'}
    cpu: [ppc64]
    os: [aix]

  '@esbuild/aix-ppc64@0.28.1':
    resolution: {integrity: sha512-Svl7tq8k/08+p6CXPpRjQ1fKX+1odH/BQbb48fV6fj3CWHhsoIOoY87w1oHXm0qEpkIK3ZfVgp0hed3XBXzXMQ==}
    engines: {node: '>=18'}
    cpu: [ppc64]
    os: [aix]

  '@esbuild/android-arm64@0.18.20':
    resolution: {integrity: sha512-Nz4rJcchGDtENV0eMKUNa6L12zz2zBDXuhj/Vjh18zGqB44Bi7MBMSXjgunJgjRhCmKOjnPuZp4Mb6OKqtMHLQ==}
    engines: {node: '>=12'}
    cpu: [arm64]
    os: [android]

  '@esbuild/android-arm64@0.25.12':
    resolution: {integrity: sha512-6AAmLG7zwD1Z159jCKPvAxZd4y/VTO0VkprYy+3N2FtJ8+BQWFXU+OxARIwA46c5tdD9SsKGZ/1ocqBS/gAKHg==}
    engines: {node: '>=18'}
    cpu: [arm64]
    os: [android]

  '@esbuild/android-arm64@0.28.1':
    resolution: {integrity: sha512-34EGEbCIAgosYz6goLcopX6Mo7NyGv9tfwEM2/7Ce2VcVRk568iSvniGWcUXIy7wEDR1wzolcxcriFVrWYcwBg==}
    engines: {node: '>=18'}
    cpu: [arm64]
    os: [android]

  '@esbuild/android-arm@0.18.20':
    resolution: {integrity: sha512-fyi7TDI/ijKKNZTUJAQqiG5T7YjJXgnzkURqmGj13C6dCqckZBLdl4h7bkhHt/t0WP+zO9/zwroDvANaOqO5Sw==}
    engines: {node: '>=12'}
    cpu: [arm]
    os: [android]

  '@esbuild/android-arm@0.25.12':
    resolution: {integrity: sha512-VJ+sKvNA/GE7Ccacc9Cha7bpS8nyzVv0jdVgwNDaR4gDMC/2TTRc33Ip8qrNYUcpkOHUT5OZ0bUcNNVZQ9RLlg==}
    engines: {node: '>=18'}
    cpu: [arm]
    os: [android]

  '@esbuild/android-arm@0.28.1':
    resolution: {integrity: sha512-0k2F129Xdio1TdJfzJ8sy1Q47vUD2NnwdhiAf7drUN1EBTfPf4hsFCtmMgu/6m8JSzsBrlmVjudMBQqOfG8usQ==}
    engines: {node: '>=18'}
    cpu: [arm]
    os: [android]

  '@esbuild/android-x64@0.18.20':
    resolution: {integrity: sha512-8GDdlePJA8D6zlZYJV/jnrRAi6rOiNaCC/JclcXpB+KIuvfBN4owLtgzY2bsxnx666XjJx2kDPUmnTtR8qKQUg==}
    engines: {node: '>=12'}
    cpu: [x64]
    os: [android]

  '@esbuild/android-x64@0.25.12':
    resolution: {integrity: sha512-5jbb+2hhDHx5phYR2By8GTWEzn6I9UqR11Kwf22iKbNpYrsmRB18aX/9ivc5cabcUiAT/wM+YIZ6SG9QO6a8kg==}
    engines: {node: '>=18'}
    cpu: [x64]
    os: [android]

  '@esbuild/android-x64@0.28.1':
    resolution: {integrity: sha512-dbwY7ltSMDWsRatcRpCnES4F+im88OCUgGZjy52shC7GqHRE/cYlxNbB4Z4UpJswpcc4Qxd2oE/ufM0p61IKng==}
    engines: {node: '>=18'}
    cpu: [x64]
    os: [android]

  '@esbuild/darwin-arm64@0.18.20':
    resolution: {integrity: sha512-bxRHW5kHU38zS2lPTPOyuyTm+S+eobPUnTNkdJEfAddYgEcll4xkT8DB9d2008DtTbl7uJag2HuE5NZAZgnNEA==}
    engines: {node: '>=12'}
    cpu: [arm64]
    os: [darwin]

  '@esbuild/darwin-arm64@0.25.12':
    resolution: {integrity: sha512-N3zl+lxHCifgIlcMUP5016ESkeQjLj/959RxxNYIthIg+CQHInujFuXeWbWMgnTo4cp5XVHqFPmpyu9J65C1Yg==}
    engines: {node: '>=18'}
    cpu: [arm64]
    os: [darwin]

  '@esbuild/darwin-arm64@0.28.1':
    resolution: {integrity: sha512-TZbWkQY7kvTAXbXUT7uVACR5cMHsDiSz9z7ZKAX/RTq/WJEk3QyRr0wZpNhBDX+/0CtdqUIJlOiodQcta6tY3Q==}
    engines: {node: '>=18'}
    cpu: [arm64]
    os: [darwin]

  '@esbuild/darwin-x64@0.18.20':
    resolution: {integrity: sha512-pc5gxlMDxzm513qPGbCbDukOdsGtKhfxD1zJKXjCCcU7ju50O7MeAZ8c4krSJcOIJGFR+qx21yMMVYwiQvyTyQ==}
    engines: {node: '>=12'}
    cpu: [x64]
    os: [darwin]

  '@esbuild/darwin-x64@0.25.12':
    resolution: {integrity: sha512-HQ9ka4Kx21qHXwtlTUVbKJOAnmG1ipXhdWTmNXiPzPfWKpXqASVcWdnf2bnL73wgjNrFXAa3yYvBSd9pzfEIpA==}
    engines: {node: '>=18'}
    cpu: [x64]
    os: [darwin]

  '@esbuild/darwin-x64@0.28.1':
    resolution: {integrity: sha512-zfdzgK9ACBNZLI/CyHTOx81SyNbM6YXn7rxSgX97VjyiPl9W1i4Ka4fgKECEoFCKGpvBj5qArWIGgQjOwkgskQ==}
    engines: {node: '>=18'}
    cpu: [x6ã¶êÚ$z{-®éÜj×SsSDã"ã¢·Ð ¢–væ÷&TRã2ã#¢·Ð ¢–væ÷&Trããc¢·Ð ¢–×W&×W&†6„ããC¢·Ð ¢–÷&VF—4Rãã ¢FWVæFVæ6–W3 ¢t–÷&VF—2ö6öÖÖæG2s¢ãRã¢6ÇW7FW"Ö¶W’×6Æ÷C¢ãã ¢FV'Vs¢BãBã0¢FVçVS¢"ãã ¢ÆöF6‚æFVfVÇG3¢Bã"ã ¢ÆöF6‚æ—6&wVÖVçG3¢2ãã ¢&VF—2ÖW'&÷'3¢ã"ã ¢&VF—2×'6W#¢2ãã ¢7FæF&BÖ2Ö6ÆÆ&6³¢"ãã ¢G&ç6—F—fUVW$FWVæFVæ6–W3 ¢Ò7W÷'G2Ö6öÆ÷  ¢–÷&VF—4Rãã ¢FWVæFVæ6–W3 ¢t–÷&VF—2ö6öÖÖæG2s¢ãã ¢6ÇW7FW"Ö¶W’×6Æ÷C¢ãã¢FV'Vs¢BãBã0¢FVçVS¢"ãã ¢&VF—2ÖW'&÷'3¢ã"ã ¢&VF—2×'6W#¢2ãã ¢7FæF&BÖ2Ö6ÆÆ&6³¢"ãã ¢G&ç6—F—fUVW$FWVæFVæ6–W3 ¢Ò7W÷'G2Ö6öÆ÷  ¢—FG"æ§4"ãBã¢·Ð ¢—2ÖW‡FvÆö$"ãã¢·Ð ¢—2ÖvÆö$Bãã3 ¢FWVæFVæ6–W3 ¢—2ÖW‡FvÆö#¢"ãã ¢—2×÷FVçF–ÂÖ7W7FöÒÖVÆVÖVçBÖæÖTãã¢·Ð ¢—6W†T"ãã¢·Ð ¢—FW&&Tã"ã¢·Ð ¢¦—F”"ãrã¢·Ð ¢§2×Fö¶Vç4Bãã¢·Ð ¢§2×–ÖÄBã2ã ¢FWVæFVæ6–W3 ¢&w'6S¢"ãã ¢§6FöÔ#’ãã ¢FWVæFVæ6–W3 ¢t6×W¦¶§ö772Ö6öÆ÷"s¢Rãã¢t6×W¦¶§öFöÒ×6VÆV7F÷"s¢rãã¢t'&×W2÷7V6–f–6—G’s¢"ãBã ¢t777FööÇ2ö772×7–çF‚×F6†W2Öf÷"Ö777G&VRs¢ããb†772×G&VT2ã"ã¢tW†öGW2ö'—FW2s¢ãRã¢772×G&VS¢2ã"ã¢FF×W&Ç3¢rãã ¢FV6–ÖÂæ§3¢ãbã ¢‡FÖÂÖVæ6öF–ær×6æ–ffW#¢bãã ¢—2×÷FVçF–ÂÖ7W7FöÒÖVÆVÖVçBÖæÖS¢ãã¢Ç'RÖ66†S¢ãRã ¢'6SS¢‚ãã¢6†W3¢bãã ¢7–Ö&öÂ×G&VS¢2ã"ã@¢F÷Vv‚Ö6öö¶–S¢bãã ¢VæF–6“¢rã#‚ã ¢s62×†ÖÇ6W&–Æ—¦W#¢Rãã ¢vV&–FÂÖ6öçfW'6–öç3¢‚ãã¢v†GvrÖÖ–ÖWG—S¢Rãã ¢v†Gvr×W&Ã¢bãã¢†ÖÂÖæÖR×fÆ–FF÷#¢Rãã ¢G&ç6—F—fUVW$FWVæFVæ6–W3 ¢Òtæö&ÆRö†6†W2p ¢§6öâÖ'VffW$2ãã¢·Ð ¢§6öâ×66†VÖ×&Vb×&W6öÇfW$2ãã ¢FWVæFVæ6–W3 ¢FWVÃ¢"ãã0 ¢§6öâ×66†VÖ×G&fW'6TãBã¢·Ð ¢§6öâ×66†VÖ×G&fW'6Tãã¢·Ð ¢§6öâ×7F&ÆR×7G&–æv–g’×v—F†÷WBÖ§6öæ–g”ãã¢·Ð ¢¶W—dBãRãC ¢FWVæFVæ6–W3 ¢§6öâÖ'VffW#¢2ãã ¢ÆWfäãBã ¢FWVæFVæ6–W3 ¢&VÇVFRÖÇ3¢ã"ã¢G—RÖ6†V6³¢ãBã  ¢Æ–'†öæVçVÖ&W"Ö§4ã2ãƒ¢·Ð ¢Æ–v‡BÖ×’×&WVW7Dbãbã ¢FWVæFVæ6–W3 ¢6öö¶–S¢ãã¢&ö6W72×v&æ–æs¢Bãã¢6WBÖ6öö¶–R×'6W#¢"ãrã  ¢Æ–v‡Fæ–æv772ÖæG&ö–BÖ&ÓcDã3"ã ¢÷F–öæÃ¢G'VP ¢Æ–v‡Fæ–æv772ÖF'v–âÖ&ÓcDã3"ã ¢÷F–öæÃ¢G'VP ¢Æ–v‡Fæ–æv772ÖF'v–â×ƒcDã3"ã ¢÷F–öæÃ¢G'VP ¢Æ–v‡Fæ–æv772Ög&VV'6B×ƒcDã3"ã ¢÷F–öæÃ¢G'VP ¢Æ–v‡Fæ–æv772ÖÆ–çW‚Ö&ÒÖvçVV&–†dã3"ã ¢÷F–öæÃ¢G'VP ¢Æ–v‡Fæ–æv772ÖÆ–çW‚Ö&ÓcBÖvçTã3"ã ¢÷F–öæÃ¢G'VP ¢Æ–v‡Fæ–æv772ÖÆ–çW‚Ö&ÓcBÖ×W6Äã3"ã ¢÷F–öæÃ¢G'VP ¢Æ–v‡Fæ–æv772ÖÆ–çW‚×ƒcBÖvçTã3"ã ¢÷F–öæÃ¢G'VP ¢Æ–v‡Fæ–æv772ÖÆ–çW‚×ƒcBÖ×W6Äã3"ã ¢÷F–öæÃ¢G'VP ¢Æ–v‡Fæ–æv772×v–ã3"Ö&ÓcBÖ×7f4ã3"ã ¢÷F–öæÃ¢G'VP ¢Æ–v‡Fæ–æv772×v–ã3"×ƒcBÖ×7f4ã3"ã ¢÷F–öæÃ¢G'VP ¢Æ–v‡Fæ–æv774ã3"ã ¢FWVæFVæ6–W3 ¢FWFV7BÖÆ–&3¢"ãã ¢÷F–öæÄFWVæFVæ6–W3 ¢Æ–v‡Fæ–æv772ÖæG&ö–BÖ&ÓcC¢ã3"ã ¢Æ–v‡Fæ–æv772ÖF'v–âÖ&ÓcC¢ã3"ã ¢Æ–v‡Fæ–æv772ÖF'v–â×ƒcC¢ã3"ã ¢Æ–v‡Fæ–æv772Ög&VV'6B×ƒcC¢ã3"ã ¢Æ–v‡Fæ–æv772ÖÆ–çW‚Ö&ÒÖvçVV&–†c¢ã3"ã ¢Æ–v‡Fæ–æv772ÖÆ–çW‚Ö&ÓcBÖvçS¢ã3"ã ¢Æ–v‡Fæ–æv772ÖÆ–çW‚Ö&ÓcBÖ×W6Ã¢ã3"ã ¢Æ–v‡Fæ–æv772ÖÆ–çW‚×ƒcBÖvçS¢ã3"ã ¢Æ–v‡Fæ–æv772ÖÆ–çW‚×ƒcBÖ×W6Ã¢ã3"ã ¢Æ–v‡Fæ–æv772×v–ã3"Ö&ÓcBÖ×7f3¢ã3"ã ¢Æ–v‡Fæ–æv772×v–ã3"×ƒcBÖ×7f3¢ã3"ã  ¢ÆöBÖW6Ôãã3¢·Ð ¢Æö6FR×F„bãã ¢FWVæFVæ6–W3 ¢ÖÆö6FS¢Rãã  ¢ÆöF6‚æFVfVÇG4Bã"ã¢·Ð ¢ÆöF6‚æ—6&wVÖVçG42ãã¢·Ð ¢ÆöF6„Bã‚ã¢·Ð ¢Ç'RÖ66†TãRã#¢·Ð ¢ÇW†öä2ãrã#¢·Ð ¢Ç¢×7G&–ætãRã¢·Ð ¢Öv–2×7G&–ætã3ã# ¢FWVæFVæ6–W3 ¢t§&–FvWvVÆÂ÷6÷W&6VÖÖ6öFV2s¢ãRãP ¢ÖFâÖFF"ã#rã¢·Ð ¢Ö–æ–ÖF6„ã"ãS ¢FWVæFVæ6–W3 ¢'&6RÖW‡ç6–öã¢Rããp ¢×4"ãã3¢·Ð ¢×6w6·"ÖW‡G&7D2ããC ¢FWVæFVæ6–W3 ¢æöFRÖw—Ö'V–ÆBÖ÷F–öæÂ×6¶vW3¢Rã"ã ¢÷F–öæÄFWVæFVæ6–W3 ¢t×6w6·"ÖW‡G&7Bö×6w6·"ÖW‡G&7BÖF'v–âÖ&ÓcBs¢2ãã@¢t×6w6·"ÖW‡G&7Bö×6w6·"ÖW‡G&7BÖF'v–â×ƒcBs¢2ãã@¢t×6w6·"ÖW‡G&7Bö×6w6·"ÖW‡G&7BÖÆ–çW‚Ö&Òs¢2ãã@¢t×6w6·"ÖW‡G&7Bö×6w6·"ÖW‡G&7BÖÆ–çW‚Ö&ÓcBs¢2ãã@¢t×6w6·"ÖW‡G&7Bö×6w6·"ÖW‡G&7BÖÆ–çW‚×ƒcBs¢2ãã@¢t×6w6·"ÖW‡G&7Bö×6w6·"ÖW‡G&7B×v–ã3"×ƒcBs¢2ãã@¢÷F–öæÃ¢G'VP ¢×6w6·$"ããC ¢÷F–öæÄFWVæFVæ6–W3 ¢×6w6·"ÖW‡G&7C¢2ãã@ ¢ææö–D2ã2ãS¢·Ð ¢æGW&ÂÖ6ö×&TãBã¢·Ð ¢æW7F§2×–æôBãbã„æW7F§2ö6öÖÖöäãã#‚†6Æ72×G&ç6f÷&ÖW$ãRã’†6Æ72×fÆ–FF÷$ãRã’‡&VfÆV7BÖÖWFFFã"ã"’‡'†§4rã‚ã"’’‡–æòÖ‡GGãã’‡–æôã2ã’‡'†§4rã‚ã"“ ¢FWVæFVæ6–W3 ¢tæW7F§2ö6öÖÖöâs¢ãã#‚†6Æ72×G&ç6f÷&ÖW$ãRã’†6Æ72×fÆ–FF÷$ãRã’‡&VfÆV7BÖÖWFFFã"ã"’‡'†§4rã‚ã"¢–æó¢ã2ã¢–æòÖ‡GG¢ãã ¢'†§3¢rã‚ã  ¢æW‡Dbã"ã„Æ—w&–v‡B÷FW7Dãcã’‡&V7BÖFöÔ’ã"ãr‡&V7D’ã"ãr’’‡&V7D’ã"ãr“ ¢FWVæFVæ6–W3 ¢tæW‡BöVçbs¢bã"ã ¢t7v2ö†VÇW'2s¢ãRãP¢&6VÆ–æRÖ'&÷w6W"ÖÖ–æs¢"ããC0¢6æ—W6RÖÆ—FS¢ãã3ƒ0¢÷7F773¢‚ãBã3¢&V7C¢’ã"ãp¢&V7BÖFöÓ¢’ã"ãr‡&V7D’ã"ãr¢7G–ÆVBÖ§7ƒ¢Rããb‡&V7D’ã"ãr¢÷F–öæÄFWVæFVæ6–W3 ¢tæW‡B÷7v2ÖF'v–âÖ&ÓcBs¢bã"ã ¢tæW‡B÷7v2ÖF'v–â×ƒcBs¢bã"ã ¢tæW‡B÷7v2ÖÆ–çW‚Ö&ÓcBÖvçRs¢bã"ã ¢tæW‡B÷7v2ÖÆ–çW‚Ö&ÓcBÖ×W6Âs¢bã"ã ¢tæW‡B÷7v2ÖÆ–çW‚×ƒcBÖvçRs¢bã"ã ¢tæW‡B÷7v2ÖÆ–çW‚×ƒcBÖ×W6Âs¢bã"ã ¢tæW‡B÷7v2×v–ã3"Ö&ÓcBÖ×7f2s¢bã"ã ¢tæW‡B÷7v2×v–ã3"×ƒcBÖ×7f2s¢bã"ã ¢tÆ—w&–v‡B÷FW7Bs¢ãcã¢6†'¢ã3BãP¢G&ç6—F—fUVW$FWVæFVæ6–W3 ¢Òt&&VÂö6÷&Rp¢Ò&&VÂ×ÇVv–âÖÖ7&÷0 ¢æöFRÖ&÷'BÖ6öçG&öÆÆW$2ãã¢·Ð ¢æöFRÖw—Ö'V–ÆBÖ÷F–öæÂ×6¶vW4Rã"ã# ¢FWVæFVæ6–W3 ¢FWFV7BÖÆ–&3¢"ãã ¢÷F–öæÃ¢G'VP ¢ö'Vt"ãã3¢·Ð ¢öâÖW†—BÖÆV²Ög&VT"ãã#¢·Ð ¢÷F–öæF÷$ã’ãC ¢FWVæFVæ6–W3 ¢FVWÖ—3¢ãã@¢f7BÖÆWfVç6‡FV–ã¢"ãã`¢ÆWfã¢ãBã¢&VÇVFRÖÇ3¢ã"ã¢G—RÖ6†V6³¢ãBã ¢v÷&B×w&¢ã"ãP ¢ÖÆ–Ö—D2ãã ¢FWVæFVæ6–W3 ¢–ö7Fò×VWVS¢ãã  ¢ÖÆö6FTRãã ¢FWVæFVæ6–W3 ¢ÖÆ–Ö—C¢2ãã  ¢'6ST‚ãã ¢FWVæFVæ6–W3 ¢VçF—F–W3¢‚ãã  ¢F‚ÖW†—7G4Bãã¢·Ð ¢F‚Ö¶W”2ãã¢·Ð ¢F‚×Fò×&VvW‡‚ãBã#¢·Ð ¢F†T"ãã3¢·Ð ¢–6ö6öÆ÷'4ãã¢·Ð ¢–6öÖF6„BããS¢·Ð ¢–æòÖ'7G&7B×G&ç7÷'D2ãã ¢FWVæFVæ6–W3 ¢7Æ—C#¢Bã"ã  ¢–æòÖ‡GGãã ¢FWVæFVæ6–W3 ¢vWBÖ6ÆÆW"Öf–ÆS¢"ããP¢–æó¢ã2ã¢–æò×7FB×6W&–Æ—¦W'3¢rãã ¢&ö6W72×v&æ–æs¢Rãã  ¢–æò×7FB×6W&–Æ—¦W'4rãã¢·Ð ¢–æôã2ã ¢FWVæFVæ6–W3 ¢t–æö§2÷&VF7Bs¢ãBã ¢FöÖ–2×6ÆVW¢ãã ¢öâÖW†—BÖÆV²Ög&VS¢"ãã ¢–æòÖ'7G&7B×G&ç7÷'C¢2ãã ¢–æò×7FB×6W&–Æ—¦W'3¢rãã ¢&ö6W72×v&æ–æs¢Rãã ¢V–6²Öf÷&ÖB×VæW66VC¢Bãã@¢&VÂ×&WV—&S¢ã"ã ¢6fR×7F&ÆR×7G&–æv–g“¢"ãRã ¢6öæ–2Ö&ööÓ¢Bã"ã¢F‡&VB×7G&VÓ¢Bã"ã  ¢Æ—w&–v‡BÖ6÷&Tãcã¢·Ð ¢Æ—w&–v‡Dãcã ¢FWVæFVæ6–W3 ¢Æ—w&–v‡BÖ6÷&S¢ãcã¢÷F–öæÄFWVæFVæ6–W3 ¢g6WfVçG3¢"ã2ã  ¢÷7F774‚ãBã3 ¢FWVæFVæ6–W3 ¢ææö–C¢2ã2ãP¢–6ö6öÆ÷'3¢ãã¢6÷W&6RÖÖÖ§3¢ã"ã ¢÷7F774‚ãRãc ¢FWVæFVæ6–W3 ¢ææö–C¢2ã2ãP¢–6ö6öÆ÷'3¢ãã¢6÷W&6RÖÖÖ§3¢ã"ã ¢÷7Fw&W42ãBã“¢·Ð ¢&VÇVFRÖÇ4ã"ã¢·Ð ¢&WGF–W$2ã’ãS¢·Ð ¢&WGG’Öf÷&ÖD#rãRã ¢FWVæFVæ6–W3 ¢ç6’×&VvWƒ¢Rãã¢ç6’×7G–ÆW3¢Rã"ã ¢&V7BÖ—3¢rãã  ¢&ö6W72×v&æ–ætBãã¢·Ð ¢&ö6W72×v&æ–ætRãã¢·Ð ¢Vç–6öFT"ã2ã¢·Ð ¢V–6²Öf÷&ÖB×VæW66VDBããC¢·Ð ¢&V7BÖFöÔ’ã"ãr‡&V7D’ã"ãr“ ¢FWVæFVæ6–W3 ¢&V7C¢’ã"ãp¢66†VGVÆW#¢ã#rã  ¢&V7BÖ—4rãã#¢·Ð ¢&V7D’ã"ãs¢·Ð ¢&VÂ×&WV—&Tã"ã¢·Ð ¢&VÂ×&WV—&Tãã¢·Ð ¢&VF—2ÖW'&÷'4ã"ã¢·Ð ¢&VF—2×'6W$2ãã ¢FWVæFVæ6–W3 ¢&VF—2ÖW'&÷'3¢ã"ã  ¢&VfÆV7BÖÖWFFFã"ã#¢·Ð ¢&WV—&RÖg&öÒ×7G&–æt"ãã#¢·Ð ¢&W6öÇfR×¶rÖÖ4ãã¢·Ð ¢&WDãRã¢·Ð ¢&WW6–g”ãã¢·Ð ¢&fF4ãBã¢·Ð ¢&öÆÆF÷väããS ¢FWVæFVæ6–W3 ¢t÷†2×&ö¦V7B÷G—W2s¢ã3’ã ¢t&öÆÆF÷vâ÷ÇVv–çWF–Ç2s¢ãã¢÷F–öæÄFWVæFVæ6–W3 ¢t&öÆÆF÷vâö&–æF–ærÖæG&ö–BÖ&ÓcBs¢ããP¢t&öÆÆF÷vâö&–æF–ærÖF'v–âÖ&ÓcBs¢ããP¢t&öÆÆF÷vâö&–æF–ærÖF'v–â×ƒcBs¢ããP¢t&öÆÆF÷vâö&–æF–ærÖg&VV'6B×ƒcBs¢ããP¢t&öÆÆF÷vâö&–æF–ærÖÆ–çW‚Ö&ÒÖvçVV&–†bs¢ããP¢t&öÆÆF÷vâö&–æF–ærÖÆ–çW‚Ö&ÓcBÖvçRs¢ããP¢t&öÆÆF÷vâö&–æF–ærÖÆ–çW‚Ö&ÓcBÖ×W6Âs¢ããP¢t&öÆÆF÷vâö&–æF–ærÖÆ–çW‚×3cBÖvçRs¢ããP¢t&öÆÆF÷vâö&–æF–ærÖÆ–çW‚×33“‚ÖvçRs¢ããP¢t&öÆÆF÷vâö&–æF–ærÖÆ–çW‚×ƒcBÖvçRs¢ããP¢t&öÆÆF÷vâö&–æF–ærÖÆ–çW‚×ƒcBÖ×W6Âs¢ããP¢t&öÆÆF÷vâö&–æF–ærÖ÷Væ†&Ööç’Ö&ÓcBs¢ããP¢t&öÆÆF÷vâö&–æF–ær×v6Ó3"×v6’s¢ããP¢t&öÆÆF÷vâö&–æF–ær×v–ã3"Ö&ÓcBÖ×7f2s¢ããP¢t&öÆÆF÷vâö&–æF–ær×v–ã3"×ƒcBÖ×7f2s¢ããP ¢'†§4rã‚ã# ¢FWVæFVæ6–W3 ¢G6Æ–#¢"ã‚ã ¢6fR×&VvWƒ$Rãã ¢FWVæFVæ6–W3 ¢&WC¢ãRã  ¢6fR×7F&ÆR×7G&–æv–g”"ãRã¢·Ð ¢6†W4bãã ¢FWVæFVæ6–W3 ¢†ÖÆ6†'3¢"ã"ã  ¢66†VGVÆW$ã#rã¢·Ð ¢6V7W&RÖ§6öâ×'6TBãã¢·Ð ¢6V×fW$rã‚ãS¢·Ð ¢6WBÖ6öö¶–R×'6W$"ãrã#¢·Ð ¢6†'ã3BãS ¢FWVæFVæ6–W3 ¢t–Örö6öÆ÷W"s¢ãã ¢FWFV7BÖÆ–&3¢"ãã ¢6V×fW#¢rã‚ãP¢÷F–öæÄFWVæFVæ6–W3 ¢t–Ör÷6†'ÖF'v–âÖ&ÓcBs¢ã3BãP¢t–Ör÷6†'ÖF'v–â×ƒcBs¢ã3BãP¢t–Ör÷6†'ÖÆ–'f—2ÖF'v–âÖ&ÓcBs¢ã"ã@¢t–Ör÷6†'ÖÆ–'f—2ÖF'v–â×ƒcBs¢ã"ã@¢t–Ör÷6†'ÖÆ–'f—2ÖÆ–çW‚Ö&Òs¢ã"ã@¢t–Ör÷6†'ÖÆ–'f—2ÖÆ–çW‚Ö&ÓcBs¢ã"ã@¢t–Ör÷6†'ÖÆ–'f—2ÖÆ–çW‚×3cBs¢ã"ã@¢t–Ör÷6†'ÖÆ–'f—2ÖÆ–çW‚×&—67ccBs¢ã"ã@¢t–Ör÷6†'ÖÆ–'f—2ÖÆ–çW‚×33“‚s¢ã"ã@¢t–Ör÷6†'ÖÆ–'f—2ÖÆ–çW‚×ƒcBs¢ã"ã@¢t–Ör÷6†'ÖÆ–'f—2ÖÆ–çW†×W6ÂÖ&ÓcBs¢ã"ã@¢t–Ör÷6†'ÖÆ–'f—2ÖÆ–çW†×W6Â×ƒcBs¢ã"ã@¢t–Ör÷6†'ÖÆ–çW‚Ö&Òs¢ã3BãP¢t–Ör÷6†'ÖÆ–çW‚Ö&ÓcBs¢ã3BãP¢t–Ör÷6†'ÖÆ–çW‚×3cBs¢ã3BãP¢t–Ör÷6†'ÖÆ–çW‚×&—67ccBs¢ã3BãP¢t–Ör÷6†'ÖÆ–çW‚×33“‚s¢ã3BãP¢t–Ör÷6†'ÖÆ–çW‚×ƒcBs¢ã3BãP¢t–Ör÷6†'ÖÆ–çW†×W6ÂÖ&ÓcBs¢ã3BãP¢t–Ör÷6†'ÖÆ–çW†×W6Â×ƒcBs¢ã3BãP¢t–Ör÷6†'×v6Ó3"s¢ã3BãP¢t–Ör÷6†'×v–ã3"Ö&ÓcBs¢ã3BãP¢t–Ör÷6†'×v–ã3"Ö–3"s¢ã3BãP¢t–Ör÷6†'×v–ã3"×ƒcBs¢ã3BãP¢÷F–öæÃ¢G'VP ¢6†V&ærÖ6öÖÖæD"ãã ¢FWVæFVæ6–W3 ¢6†V&ær×&VvWƒ¢2ãã  ¢6†V&ær×&VvW„2ãã¢·Ð ¢6–v–æfô"ãã¢·Ð ¢6öæ–2Ö&ööÔBã"ã ¢FWVæFVæ6–W3 ¢FöÖ–2×6ÆVW¢ãã  ¢6÷W&6RÖÖÖ§4ã"ã¢·Ð ¢6÷W&6RÖÖ×7W÷'DãRã# ¢FWVæFVæ6–W3 ¢'VffW"Ög&öÓ¢ãã ¢6÷W&6RÖÖ¢ãbã ¢6÷W&6RÖÖãbã¢·Ð ¢7Æ—C$Bã"ã¢·Ð ¢7F6¶&6´ãã#¢·Ð ¢7FæF&BÖ2Ö6ÆÆ&6´"ãã¢·Ð ¢7FBÖVçdBã"ã¢·Ð ¢7G'Fö³4ã2ãS ¢FWVæFVæ6–W3 ¢tFö¶Væ—¦W"÷Fö¶Vâs¢ã2ã  ¢7G–ÆVBÖ§7„Rããb‡&V7D’ã"ãr“ ¢FWVæFVæ6–W3 ¢6Æ–VçBÖöæÇ“¢ãã¢&V7C¢’ã"ãp ¢7vvvW"×V’ÖF—7DRã3"ãƒ ¢FWVæFVæ6–W3 ¢t66&b÷66&bs¢ãBã  ¢7–Ö&öÂ×G&VT2ã"ãC¢·Ð ¢F–Çv–æF774Bã2ã#¢·Ð ¢F&ÆT"ã2ã3¢·Ð ¢F‡&VB×7G&VÔBã"ã ¢FWVæFVæ6–W3 ¢&VÂ×&WV—&S¢ãã  ¢F–ç–&Væ6„"ã’ã¢·Ð ¢F–ç–W†V4ã"ãC¢·Ð ¢F–ç–vÆö&'”ã"ãs ¢FWVæFVæ6–W3 ¢fF—#¢bãRã‡–6öÖF6„BããR¢–6öÖF6ƒ¢BããP ¢F–ç—&–æ&÷t2ãã¢·Ð ¢FÆGG2Ö6÷&TrãBãƒ¢·Ð ¢FÆGG4rãBãƒ ¢FWVæFVæ6–W3 ¢FÆGG2Ö6÷&S¢rãBã€ ¢FöBÖ66†T2ãrãC¢·Ð ¢Fö¶Vâ×G—W4bãã# ¢FWVæFVæ6–W3 ¢t&÷&Wv—B÷FW‡BÖ6öFV2s¢ã"ã ¢tFö¶Væ—¦W"÷Fö¶Vâs¢ã2ã ¢–VVSsSC¢ã"ã ¢F÷Vv‚Ö6öö¶–Tbãã# ¢FWVæFVæ6–W3 ¢FÆGG3¢rãBã€ ¢G#Cdbãã ¢FWVæFVæ6–W3 ¢Vç–6öFS¢"ã2ã ¢G2Ö’×WF–Ç4"ãRã‡G—W67&—Dbãã"“ ¢FWVæFVæ6–W3 ¢G—W67&—C¢bãã  ¢G6Æ–$"ã‚ã¢·Ð ¢G7„Bã#2ã ¢FWVæFVæ6–W3 ¢W6'V–ÆC¢ã#‚ã¢÷F–öæÄFWVæFVæ6–W3 ¢g6WfVçG3¢"ã2ã0 ¢GW&&ô"ããC ¢÷F–öæÄFWVæFVæ6–W3 ¢tGW&&òöF'v–âÓcBs¢"ãã@¢tGW&&òöF'v–âÖ&ÓcBs¢"ãã@¢tGW&&òöÆ–çW‚ÓcBs¢"ãã@¢tGW&&òöÆ–çW‚Ö&ÓcBs¢"ãã@¢tGW&&ò÷v–æF÷w2ÓcBs¢"ãã@¢tGW&&ò÷v–æF÷w2Ö&ÓcBs¢"ãã@ ¢G—RÖ6†V6´ãBã ¢FWVæFVæ6–W3 ¢&VÇVFRÖÇ3¢ã"ã ¢G—W67&—BÖW6Æ–çD‚ãc2ã†W6Æ–çDãrã†¦—F”"ãrã’’‡G—W67&—Dbãã"“ ¢FWVæFVæ6–W3 ¢tG—W67&—BÖW6Æ–çBöW6Æ–çB×ÇVv–âs¢‚ãc2ã„G—W67&—BÖW6Æ–çB÷'6W$‚ãc2ã†W6Æ–çDãrã†¦—F”"ãrã’’‡G—W67&—Dbãã"’’†W6Æ–çDãrã†¦—F”"ãrã’’‡G—W67&—Dbãã"¢tG—W67&—BÖW6Æ–çB÷'6W"s¢‚ãc2ã†W6Æ–çDãrã†¦—F”"ãrã’’‡G—W67&—Dbãã"¢tG—W67&—BÖW6Æ–çB÷G—W67&—BÖW7G&VRs¢‚ãc2ã‡G—W67&—Dbãã"¢tG—W67&—BÖW6Æ–çB÷WF–Ç2s¢‚ãc2ã†W6Æ–çDãrã†¦—F”"ãrã’’‡G—W67&—Dbãã"¢W6Æ–çC¢ãrã†¦—F”"ãrã¢G—W67&—C¢bãã ¢G&ç6—F—fUVW$FWVæFVæ6–W3 ¢Ò7W÷'G2Ö6öÆ÷  ¢G—W67&—Dbãã#¢·Ð ¢V–D"ãã# ¢FWVæFVæ6–W3 ¢tÇV¶VVBö77&ærs¢ãã  ¢V–çC†'&’ÖW‡G&4ãRã¢·Ð ¢VæF–6’×G—W4‚ã2ã¢·Ð ¢VæF–6”rã#‚ã¢·Ð ¢W&’Ö§4BãBã ¢FWVæFVæ6–W3 ¢Vç–6öFS¢"ã2ã ¢fÆ–FF÷$2ãRã3S¢·Ð ¢f—FT‚ããB„G—W2öæöFT#bãã’†W6'V–ÆDã#‚ã’†¦—F”"ãrã’‡G7„Bã#2ã“ ¢FWVæFVæ6–W3 ¢Æ–v‡Fæ–æv773¢ã3"ã ¢–6öÖF6ƒ¢BããP¢÷7F773¢‚ãRã`¢&öÆÆF÷vã¢ããP¢F–ç–vÆö&'“¢ã"ãp¢÷F–öæÄFWVæFVæ6–W3 ¢tG—W2öæöFRs¢#bãã¢W6'V–ÆC¢ã#‚ã¢g6WfVçG3¢"ã2ã0¢¦—F“¢"ãrã ¢G7ƒ¢Bã#2ã  ¢f—FW7DBãã„G—W2öæöFT#bãã’†§6FöÔ#’ãã’‡f—FT‚ããB„G—W2öæöFT#bãã’†W6'V–ÆDã#‚ã’†¦—F”"ãrã’‡G7„Bã#2ã’“ ¢FWVæFVæ6–W3 ¢tf—FW7BöW‡V7Bs¢Bãã ¢tf—FW7BöÖö6¶W"s¢Bãã‡f—FT‚ããB„G—W2öæöFT#bãã’†W6'V–ÆDã#‚ã’†¦—F”"ãrã’‡G7„Bã#2ã’¢tf—FW7B÷&WGG’Öf÷&ÖBs¢Bãã ¢tf—FW7B÷'VææW"s¢Bãã ¢tf—FW7B÷6æ6†÷Bs¢Bãã ¢tf—FW7B÷7’s¢Bãã ¢tf—FW7B÷WF–Ç2s¢Bãã ¢W2ÖÖöGVÆRÖÆW†W#¢"ã2ã ¢W‡V7B×G—S¢ãBã ¢Öv–2×7G&–æs¢ã3ã#¢ö'Vs¢"ãã0¢F†S¢"ãã0¢–6öÖF6ƒ¢BããP¢7FBÖVçc¢Bã"ã ¢F–ç–&Væ6ƒ¢"ã’ã ¢F–ç–W†V3¢ã"ã@¢F–ç–vÆö&'“¢ã"ãp¢F–ç—&–æ&÷s¢2ãã ¢f—FS¢‚ããB„G—W2öæöFT#bãã’†W6'V–ÆDã#‚ã’†¦—F”"ãrã’‡G7„Bã#2ã¢v‡’Ö—2ÖæöFR×'Vææ–æs¢"ã2ã ¢÷F–öæÄFWVæFVæ6–W3 ¢tG—W2öæöFRs¢#bãã¢§6FöÓ¢#’ãã¢G&ç6—F—fUVW$FWVæFVæ6–W3 ¢Ò×7p ¢s62×†ÖÇ6W&–Æ—¦W$Rãã ¢FWVæFVæ6–W3 ¢†ÖÂÖæÖR×fÆ–FF÷#¢Rãã  ¢vV&–FÂÖ6öçfW'6–öç4‚ãã¢·Ð ¢v†GvrÖÖ–ÖWG—TRãã¢·Ð ¢v†Gvr×W&Äbãã ¢FWVæFVæ6–W3 ¢tW†öGW2ö'—FW2s¢ãRã¢G#Cc¢bãã ¢vV&–FÂÖ6öçfW'6–öç3¢‚ãã¢G&ç6—F—fUVW$FWVæFVæ6–W3 ¢Òtæö&ÆRö†6†W2p ¢v†–6„"ãã# ¢FWVæFVæ6–W3 ¢—6W†S¢"ãã  ¢v‡’Ö—2ÖæöFR×'Vææ–æt"ã2ã ¢FWVæFVæ6–W3 ¢6–v–æfó¢"ãã ¢7F6¶&6³¢ãã  ¢v÷&B×w&ã"ãS¢·Ð ¢†ÖÂÖæÖR×fÆ–FF÷$Rãã¢·Ð ¢†ÖÆ6†'4"ã"ã¢·Ð ¢–ö7Fò×VWVTãã¢·Ð ¢¦öDBãBã3¢·Ð